{
  "requires": true,
  "lockfileVersion": 1,
  "dependencies": {
    "lodash": {
      "version": "4.17.15",
      "resolved": "https://registry.npmjs.org/lodash/-/lodash-4.17.15.tgz",
      "integrity": "sha512-8xOcRHvCjnocdS5cpwXQXVzmmh5e5+saE2QGoeQmbKmRS6J3VQppPOIt0MnmE+4xlZoumy0GPG0D0MVIQbNA1A=="
    },
    "pathseg": {
      "version": "1.2.0",
      "resolved": "https://registry.npmjs.org/pathseg/-/pathseg-1.2.0.tgz",
      "integrity": "sha512-+pQS7lTaoVIXhaCW7R3Wd/165APzZHWzYVqe7dxzdupxQwebgpBaCmf0/XZwmoA/rkDq3qvzO0qv4d5oFVrBRw=="
    },
    "react-particles-js": {
      "version": "3.2.1",
      "resolved": "https://registry.npmjs.org/react-particles-js/-/react-particles-js-3.2.1.tgz",
      "integrity": "sha512-sZ6jmwbbHQOtqsChlI7X9iee+iN4C1g9BLch2f9Ck9dvJmAaVT8/kQB1gOQLROFKIFIzQyt34gXzrI7ZNwNspQ==",
      "requires": {
        "lodash": "^4.17.11",
        "tsparticles": "^1.13.6"
      }
    },
    "tslib": {
      "version": "1.11.2",
      "resolved": "https://registry.npmjs.org/tslib/-/tslib-1.11.2.tgz",
      "integrity": "sha512-tTSkux6IGPnUGUd1XAZHcpu85MOkIl5zX49pO+jfsie3eP0B6pyhOlLXm3cAC6T7s+euSDDUUV+Acop5WmtkVg=="
    },
    "tsparticles": {
      "version": "1.13.9",
      "resolved": "https://registry.npmjs.org/tsparticles/-/tsparticles-1.13.9.tgz",
      "integrity": "sha512-rCG4n82y0Av4vaEYg20MvONkYdOZ0F9UdiQ2kaNaCv5OEFrvfNUbt1wJw4DieKASOzV1gHwB095hP5ac0Caf0Q==",
      "requires": {
        "pathseg": "^1.2.0",
        "tslib": "^1.11.1"
      }
    }
  }
}
